# This file is automatically @generated by Cargo.
# It is not intended for manual editing.
version = 4

[[package]]
name = "deaddrop-core"
version = "0.1.0"
dependencies = [
 "deaddrop-protocol",
]

[[package]]
name = "deaddrop-protocol"
version = "0.1.0"

[[package]]
name = "deaddrop-store"
version = "0.1.0"
